{
  "name": "soitbegins",
  "version": "0.0.1",
  "lockfileVersion": 1,
  "requires": true,
  "dependencies": {
    "argparse": {
      "version": "1.0.9",
      "resolved": "https://registry.npmjs.org/argparse/-/argparse-1.0.9.tgz",
      "integrity": "sha1-c9g7wmP4bpf4zE9rrhsOkKfSLIY=",
      "optional": true,
      "requires": {
        "sprintf-js": "1.0.3"
      }
    },
    "asap": {
      "version": "2.0.6",
      "resolved": "https://registry.npmjs.org/asap/-/asap-2.0.6.tgz",
      "integrity": "sha1-5QNHYR1+aQlDIIu9r+vLwvuGbUY="
    },
    "async": {
      "version": "0.9.2",
      "resolved": "https://registry.npmjs.org/async/-/async-0.9.2.tgz",
      "integrity": "sha1-rqdNXmHB+JlhO/ZL2mbUx48v0X0="
    },
    "asynckit": {
      "version": "0.4.0",
      "resolved": "https://registry.npmjs.org/asynckit/-/asynckit-0.4.0.tgz",
      "integrity": "sha1-x57Zf380y48robyXkLzDZkdLS3k="
    },
    "axios": {
      "version": "0.11.1",
      "resolved": "https://registry.npmjs.org/axios/-/axios-0.11.1.tgz",
      "integrity": "sha1-Oc22WBPixUnRwunDiffjOqZcyiI=",
      "requires": {
        "follow-redirects": "0.0.7"
      }
    },
    "balanced-match": {
      "version": "1.0.0",
      "resolved": "https://registry.npmjs.org/balanced-match/-/balanced-match-1.0.0.tgz",
      "integrity": "sha1-ibTRmasr7kneFk6gK4nORi1xt2c=",
      "optional": true
    },
    "brace-expansion": {
      "version": "1.1.8",
      "resolved": "https://registry.npmjs.org/brace-expansion/-/brace-expansion-1.1.8.tgz",
      "integrity": "sha1-wHshHHyVLsH479Uad+8NHTmQopI=",
      "optional": true,
      "requires": {
        "balanced-match": "1.0.0",
        "concat-map": "0.0.1"
      }
    },
    "clarifai": {
      "version": "2.4.0",
      "resolved": "https://registry.npmjs.org/clarifai/-/clarifai-2.4.0.tgz",
      "integrity": "sha1-a0Wq/8ikBYg6s+cp6ZU5UHxLO5E=",
      "requires": {
        "axios": "0.11.1",
        "form-data": "0.2.0",
        "promise": "7.1.1"
      },
      "dependencies": {
        "combined-stream": {
          "version": "0.0.7",
          "resolved": "https://registry.npmjs.org/combined-stream/-/combined-stream-0.0.7.tgz",
          "integrity": "sha1-ATfmV7qlp1QcV6w3rF/AfXO03B8=",
          "requires": {
            "delayed-stream": "0.0.5"
          }
        },
        "delayed-stream": {
          "version": "0.0.5",
          "resolved": "https://registry.npmjs.org/delayed-stream/-/delayed-stream-0.0.5.tgz",
          "integrity": "sha1-1LH0OpPoKW3+AmlPRoC8N6MTxz8="
        },
        "form-data": {
          "version": "0.2.0",
          "resolved": "https://registry.npmjs.org/form-data/-/form-data-0.2.0.tgz",
          "integrity": "sha1-Jvi8JtpkQOKZy9z7aQNcT3em5GY=",
          "requires": {
            "async": "0.9.2",
            "combined-stream": "0.0.7",
            "mime-types": "2.0.14"
          }
        },
        "mime-db": {
          "version": "1.12.0",
          "resolved": "https://registry.npmjs.org/mime-db/-/mime-db-1.12.0.tgz",
          "integrity": "sha1-PQxjGA9FjrENMlqqN9fFiuMS6dc="
        },
        "mime-types": {
          "version": "2.0.14",
          "resolved": "https://registry.npmjs.org/mime-types/-/mime-types-2.0.14.tgz",
          "integrity": "sha1-MQ4VnbI+B3+Lsit0jav6SVcUCqY=",
          "requires": {
            "mime-db": "1.12.0"
          }
        }
      }
    },
    "combined-stream": {
      "version": "1.0.5",
      "resolved": "https://registry.npmjs.org/combined-stream/-/combined-stream-1.0.5.tgz",
      "integrity": "sha1-k4NwpXtKUd6ix3wV1cX9+JUWQAk=",
      "requires": {
        "delayed-stream": "1.0.0"
      }
    },
    "component-emitter": {
      "version": "1.2.1",
      "resolved": "https://registry.npmjs.org/component-emitter/-/component-emitter-1.2.1.tgz",
      "integrity": "sha1-E3kY1teCg/ffemt8WmPhQOaUJeY="
    },
    "concat-map": {
      "version": "0.0.1",
      "resolved": "https://registry.npmjs.org/concat-map/-/concat-map-0.0.1.tgz",
      "integrity": "sha1-2Klr13/Wjfd5OnMDajug1UBdR3s=",
      "optional": true
    },
    "cookiejar": {
      "version": "2.1.1",
      "resolved": "https://registry.npmjs.org/cookiejar/-/cookiejar-2.1.1.tgz",
      "integrity": "sha1-Qa1XsbVVlR7BcUEqgZQrHoIA00o="
    },
    "core-util-is": {
      "version": "1.0.2",
      "resolved": "https://registry.npmjs.org/core-util-is/-/core-util-is-1.0.2.tgz",
      "integrity": "sha1-tf1UIgqivFq1eqtxQMlAdUUDwac="
    },
    "debug": {
      "version": "3.1.0",
      "resolved": "https://registry.npmjs.org/debug/-/debug-3.1.0.tgz",
      "integrity": "sha512-OX8XqP7/1a9cqkxYw2yXss15f26NKWBpDXQd0/uK/KPqdQhxbPa994hnzjcE2VqQpDslf55723cKPUOGSmMY3g==",
      "requires": {
        "ms": "2.0.0"
      }
    },
    "delayed-stream": {
      "version": "1.0.0",
      "resolved": "https://registry.npmjs.org/delayed-stream/-/delayed-stream-1.0.0.tgz",
      "integrity": "sha1-3zrhmayt+31ECqrgsp4icrJOxhk="
    },
    "extend": {
      "version": "3.0.1",
      "resolved": "https://registry.npmjs.org/extend/-/extend-3.0.1.tgz",
      "integrity": "sha1-p1Xqe8Gt/MWjHOfnYtuq3F5jZEQ="
    },
    "flickr-sdk": {
      "version": "3.5.0",
      "resolved": "https://registry.npmjs.org/flickr-sdk/-/flickr-sdk-3.5.0.tgz",
      "integrity": "sha1-r8mYW+S15si8/Qfc28rNgoco9fM=",
      "requires": {
        "superagent": "3.8.0",
        "xml2js": "0.4.19"
      }
    },
    "follow-redirects": {
      "version": "0.0.7",
      "resolved": "https://registry.npmjs.org/follow-redirects/-/follow-redirects-0.0.7.tgz",
      "integrity": "sha1-NLkLqyqRGqNHVx2pDyK9NuzYqRk=",
      "requires": {
        "debug": "2.6.9",
        "stream-consume": "0.1.0"
      },
      "dependencies": {
        "debug": {
          "version": "2.6.9",
          "resolved": "https://registry.npmjs.org/debug/-/debug-2.6.9.tgz",
          "integrity": "sha512-bC7ElrdJaJnPbAP+1EotYvqZsb3ecl5wi6Bfi6BJTUcNowp6cvspg0jXznRTKDjm/E7AdgFBVeAPVMNcKGsHMA==",
          "requires": {
            "ms": "2.0.0"
          }
        }
      }
    },
    "form-data": {
      "version": "2.3.1",
      "resolved": "https://registry.npmjs.org/form-data/-/form-data-2.3.1.tgz",
      "integrity": "sha1-b7lPvXGIUwbXPRXMSX/kzE7NRL8=",
      "requires": {
        "asynckit": "0.4.0",
        "combined-stream": "1.0.5",
        "mime-types": "2.1.17"
      }
    },
    "formidable": {
      "version": "1.1.1",
      "resolved": "https://registry.npmjs.org/formidable/-/formidable-1.1.1.tgz",
      "integrity": "sha1-lriIb3w8NQi5Mta9cMTTqI818ak="
    },
    "fs.realpath": {
      "version": "1.0.0",
      "resolved": "https://registry.npmjs.org/fs.realpath/-/fs.realpath-1.0.0.tgz",
      "integrity": "sha1-FQStJSMVjKpA20onh8sBQRmU6k8=",
      "optional": true
    },
    "glob": {
      "version": "7.1.2",
      "resolved": "https://registry.npmjs.org/glob/-/glob-7.1.2.tgz",
      "integrity": "sha512-MJTUg1kjuLeQCJ+ccE4Vpa6kKVXkPYJ2mOCQyUuKLcLQsdrMCpBPUi8qVE6+YuaJkozeA9NusTAw3hLr8Xe5EQ==",
      "optional": true,
      "requires": {
        "fs.realpath": "1.0.0",
        "inflight": "1.0.6",
        "inherits": "2.0.3",
        "minimatch": "3.0.4",
        "once": "1.4.0",
        "path-is-absolute": "1.0.1"
      }
    },
    "inflight": {
      "version": "1.0.6",
      "resolved": "https://registry.npmjs.org/inflight/-/inflight-1.0.6.tgz",
      "integrity": "sha1-Sb1jMdfQLQwJvJEKEHW6gWW1bfk=",
      "optional": true,
      "requires": {
        "once": "1.4.0",
        "wrappy": "1.0.2"
      }
    },
    "inherits": {
      "version": "2.0.3",
      "resolved": "https://registry.npmjs.org/inherits/-/inherits-2.0.3.tgz",
      "integrity": "sha1-Yzwsg+PaQqUC9SRmAiSA9CCCYd4="
    },
    "isarray": {
      "version": "1.0.0",
      "resolved": "https://registry.npmjs.org/isarray/-/isarray-1.0.0.tgz",
      "integrity": "sha1-u5NdSFgsuhaMBoNJV6VKPgcSTxE="
    },
    "methods": {
      "version": "1.1.2",
      "resolved": "https://registry.npmjs.org/methods/-/methods-1.1.2.tgz",
      "integrity": "sha1-VSmk1nZUE07cxSZmVoNbD4Ua/O4="
    },
    "mime": {
      "version": "1.4.1",
      "resolved": "https://registry.npmjs.org/mime/-/mime-1.4.1.tgz",
      "integrity": "sha512-KI1+qOZu5DcW6wayYHSzR/tXKCDC5Om4s1z2QJjDULzLcmf3DvzS7oluY4HCTrc+9FiKmWUgeNLg7W3uIQvxtQ=="
    },
    "mime-db": {
      "version": "1.30.0",
      "resolved": "https://registry.npmjs.org/mime-db/-/mime-db-1.30.0.tgz",
      "integrity": "sha1-dMZD2i3Z1qRTmZY0ZbJtXKfXHwE="
    },
    "mime-types": {
      "version": "2.1.17",
      "resolved": "https://registry.npmjs.org/mime-types/-/mime-types-2.1.17.tgz",
      "integrity": "sha1-Cdejk/A+mVp5+K+Fe3Cp4KsWVXo=",
      "requires": {
        "mime-db": "1.30.0"
      }
    },
    "minimatch": {
      "version": "3.0.4",
      "resolved": "https://registry.npmjs.org/minimatch/-/minimatch-3.0.4.tgz",
      "integrity": "sha512-yJHVQEhyqPLUTgt9B83PXu6W3rx4MvvHvSUvToogpwoGDOUQ+yDrR0HRot+yOCdCO7u4hX3pWft6kWBBcqh0UA==",
      "optional": true,
      "requires": {
        "brace-expansion": "1.1.8"
      }
    },
    "ms": {
      "version": "2.0.0",
      "resolved": "https://registry.npmjs.org/ms/-/ms-2.0.0.tgz",
      "integrity": "sha1-VgiurfwAvmwpAd9fmGF4jeDVl8g="
    },
    "once": {
      "version": "1.4.0",
      "resolved": "https://registry.npmjs.org/once/-/once-1.4.0.tgz",
      "integrity": "sha1-WDsap3WWHUsROsF9nFC6753Xa9E=",
      "requires": {
        "wrappy": "1.0.2"
      }
    },
    "path-is-absolute": {
      "version": "1.0.1",
      "resolved": "https://registry.npmjs.org/path-is-absolute/-/path-is-absolute-1.0.1.tgz",
      "integrity": "sha1-F0uSaHNVNP+8es5r9TpanhtcX18=",
      "optional": true
    },
    "process-nextick-args": {
      "version": "1.0.7",
      "resolved": "https://registry.npmjs.org/process-nextick-args/-/process-nextick-args-1.0.7.tgz",
      "integrity": "sha1-FQ4gt1ZZCtP5EJPyWk8q2L/zC6M="
    },
    "promise": {
      "version": "7.1.1",
      "resolved": "https://registry.npmjs.org/promise/-/promise-7.1.1.tgz",
      "integrity": "sha1-SJZUxpJha4qlWwck+oCbt9tJxb8=",
      "requires": {
        "asap": "2.0.6"
      }
    },
    "qs": {
      "version": "6.5.1",
      "resolved": "https://registry.npmjs.org/qs/-/qs-6.5.1.tgz",
      "integrity": "sha512-eRzhrN1WSINYCDCbrz796z37LOe3m5tmW7RQf6oBntukAG1nmovJvhnwHHRMAfeoItc1m2Hk02WER2aQ/iqs+A=="
    },
    "readable-stream": {
      "version": "2.3.3",
      "resolved": "https://registry.npmjs.org/readable-stream/-/readable-stream-2.3.3.tgz",
      "integrity": "sha512-m+qzzcn7KUxEmd1gMbchF+Y2eIUbieUaxkWtptyHywrX0rE8QEYqPC07Vuy4Wm32/xE16NcdBctb8S0Xe/5IeQ==",
      "requires": {
        "core-util-is": "1.0.2",
        "inherits": "2.0.3",
        "isarray": "1.0.0",
        "process-nextick-args": "1.0.7",
        "safe-buffer": "5.1.1",
        "string_decoder": "1.0.3",
        "util-deprecate": "1.0.2"
      }
    },
    "rita": {
      "version": "1.2.12",
      "resolved": "https://registry.npmjs.org/rita/-/rita-1.2.12.tgz",
      "integrity": "sha1-xhQPA1FtvHfQ5W38mcwlZx523II=",
      "requires": {
        "yamljs": "0.2.10"
      }
    },
    "safe-buffer": {
      "version": "5.1.1",
      "resolved": "https://registry.npmjs.org/safe-buffer/-/safe-buffer-5.1.1.tgz",
      "integrity": "sha512-kKvNJn6Mm93gAczWVJg7wH+wGYWNrDHdWvpUmHyEsgCtIwwo3bqPtV4tR5tuPaUhTOo/kvhVwd8XwwOllGYkbg=="
    },
    "sax": {
      "version": "1.2.4",
      "resolved": "https://registry.npmjs.org/sax/-/sax-1.2.4.tgz",
      "integrity": "sha512-NqVDv9TpANUjFm0N8uM5GxL36UgKi9/atZw+x7YFnQ8ckwFGKrl4xX4yWtrey3UJm5nP1kUbnYgLopqWNSRhWw=="
    },
    "sprintf-js": {
      "version": "1.0.3",
      "resolved": "https://registry.npmjs.org/sprintf-js/-/sprintf-js-1.0.3.tgz",
      "integrity": "sha1-BOaSb2YolTVPPdAVIDYzuFcpfiw=",
      "optional": true
    },
    "stream-consume": {
      "version": "0.1.0",
      "resolved": "https://registry.npmjs.org/stream-consume/-/stream-consume-0.1.0.tgz",
      "integrity": "sha1-pB6tGm1ggc63n2WwYZAbbY89HQ8="
    },
    "string_decoder": {
      "version": "1.0.3",
      "resolved": "https://registry.npmjs.org/string_decoder/-/string_decoder-1.0.3.tgz",
      "integrity": "sha512-4AH6Z5fzNNBcH+6XDMfA/BTt87skxqJlO0lAh3Dker5zThcAxG6mKz+iGu308UKoPPQ8Dcqx/4JhujzltRa+hQ==",
      "requires": {
        "safe-buffer": "5.1.1"
      }
    },
    "superagent": {
      "version": "3.8.0",
      "resolved": "https://registry.npmjs.org/superagent/-/superagent-3.8.0.tgz",
      "integrity": "sha512-71XGWgtn70TNwgmgYa69dPOYg55aU9FCahjUNY03rOrKvaTCaU3b9MeZmqonmf9Od96SCxr3vGfEAnhM7dtxCw==",
      "requires": {
        "component-emitter": "1.2.1",
        "cookiejar": "2.1.1",
        "debug": "3.1.0",
        "extend": "3.0.1",
        "form-data": "2.3.1",
        "formidable": "1.1.1",
        "methods": "1.1.2",
        "mime": "1.4.1",
        "qs": "6.5.1",
        "readable-stream": "2.3.3"
      }
    },
    "util-deprecate": {
      "version": "1.0.2",
      "resolved": "https://registry.npmjs.org/util-deprecate/-/util-deprecate-1.0.2.tgz",
      "integrity": "sha1-RQ1Nyfpw3nMnYvvS1KKJgUGaDM8="
    },
    "wrappy": {
      "version": "1.0.2",
      "resolved": "https://registry.npmjs.org/wrappy/-/wrappy-1.0.2.tgz",
      "integrity": "sha1-tSQ9jz7BqjXxNkYFvA0QNuMKtp8="
    },
    "xml2js": {
      "version": "0.4.19",
      "resolved": "https://registry.npmjs.org/xml2js/-/xml2js-0.4.19.tgz",
      "integrity": "sha512-esZnJZJOiJR9wWKMyuvSE1y6Dq5LCuJanqhxslH2bxM6duahNZ+HMpCLhBQGZkbX6xRf8x1Y2eJlgt2q3qo49Q==",
      "requires": {
        "sax": "1.2.4",
        "xmlbuilder": "9.0.4"
      }
    },
    "xmlbuilder": {
      "version": "9.0.4",
      "resolved": "https://registry.npmjs.org/xmlbuilder/-/xmlbuilder-9.0.4.tgz",
      "integrity": "sha1-UZy0ymhtAFqEINNJbz8MruzKWA8="
    },
    "yamljs": {
      "version": "0.2.10",
      "resolved": "https://registry.npmjs.org/yamljs/-/yamljs-0.2.10.tgz",
      "integrity": "sha1-SBzHwlynOvWfWR8MluPOVsdXpA8=",
      "optional": true,
      "requires": {
        "argparse": "1.0.9",
        "glob": "7.1.2"
      }
    }
  }
}
